
Microsoft Visual Studio Solution File, Format Version 12.00
# Visual Studio 15
VisualStudioVersion = 15.0.28307.1622
MinimumVisualStudioVersion = 10.0.40219.1
Project("{FAE04EC0-301F-11D3-BF4B-00C04F79EFBC}") = "B_stock", "B_stock\B_stock.csproj", "{51F2A04D-787E-4FC9-AF8D-DAE6EE361425}"
EndProject
Project("{FAE04EC0-301F-11D3-BF4B-00C04F79EFBC}") = "GDI", "GDI\GDI.csproj", "{2826AC0D-CE94-4252-9175-0EADB1F24545}"
EndProject
Project("{FAE04EC0-301F-11D3-BF4B-00C04F79EFBC}") = "Parameter", "Parameter\Parameter.csproj", "{1B771EF4-2B65-47AE-995F-D477C86FA010}"
EndProject
Project("{FAE04EC0-301F-11D3-BF4B-00C04F79EFBC}") = "MySQL", "MySQL\MySQL.csproj", "{B575FF3B-4CE6-4061-ACD8-CACD595CD2DD}"
EndProject
Project("{FAE04EC0-301F-11D3-BF4B-00C04F79EFBC}") = "PLC_Connection", "PLC_Connection\PLC_Connection.csproj", "{7A41E778-2028-4A94-9F00-42F0623D3736}"
EndProject
Global
	GlobalSection(SolutionConfigurationPlatforms) = preSolution
		Debug|Any CPU = Debug|Any CPU
		Release|Any CPU = Release|Any CPU
	EndGlobalSection
	GlobalSection(ProjectConfigurationPlatforms) = postSolution
		{51F2A04D-787E-4FC9-AF8D-DAE6EE361425}.Debug|Any CPU.ActiveCfg = Debug|Any CPU
		{51F2A04D-787E-4FC9-AF8D-DAE6EE361425}.Debug|Any CPU.Build.0 = Debug|Any CPU
		{51F2A04D-787E-4FC9-AF8D-DAE6EE361425}.Release|Any CPU.ActiveCfg = Release|Any CPU
		{51F2A04D-787E-4FC9-AF8D-DAE6EE361425}.Release|Any CPU.Build.0 = Release|Any CPU
		{2826AC0D-CE94-4252-9175-0EADB1F24545}.Debug|Any CPU.ActiveCfg = Debug|Any CPU
		{2826AC0D-CE94-4252-9175-0EADB1F24545}.Debug|Any CPU.Build.0 = Debug|Any CPU
		{2826AC0D-CE94-4252-9175-0EADB1F24545}.Release|Any CPU.ActiveCfg = Release|Any CPU
		{2826AC0D-CE94-4252-9175-0EADB1F24545}.Release|Any CPU.Build.0 = Release|Any CPU
		{1B771EF4-2B65-47AE-995F-D477C86FA010}.Debug|Any CPU.ActiveCfg = Debug|Any CPU
		{1B771EF4-2B65-47AE-995F-D477C86FA010}.Debug|Any CPU.Build.0 = Debug|Any CPU
		{1B771EF4-2B65-47AE-995F-D477C86FA010}.Release|Any CPU.ActiveCfg = Release|Any CPU
		{1B771EF4-2B65-47AE-995F-D477C86FA010}.Release|Any CPU.Build.0 = Release|Any CPU
		{B575FF3B-4CE6-4061-ACD8-CACD595CD2DD}.Debug|Any CPU.ActiveCfg = Debug|Any CPU
		{B575FF3B-4CE6-4061-ACD8-CACD595CD2DD}.Debug|Any CPU.Build.0 = Debug|Any CPU
		{B575FF3B-4CE6-4061-ACD8-CACD595CD2DD}.Release|Any CPU.ActiveCfg = Release|Any CPU
		{B575FF3B-4CE6-4061-ACD8-CACD595CD2DD}.Release|Any CPU.Build.0 = Release|Any CPU
		{7A41E778-2028-4A94-9F00-42F0623D3736}.Debug|Any CPU.ActiveCfg = Debug|Any CPU
		{7A41E778-2028-4A94-9F00-42F0623D3736}.Debug|Any CPU.Build.0 = Debug|Any CPU
		{7A41E778-2028-4A94-9F00-42F0623D3736}.Release|Any CPU.ActiveCfg = Release|Any CPU
		{7A41E778-2028-4A94-9F00-42F0623D3736}.Release|Any CPU.Build.0 = Release|Any CPU
	EndGlobalSection
	GlobalSection(SolutionProperties) = preSolution
		HideSolutionNode = FALSE
	EndGlobalSection
	GlobalSection(ExtensibilityGlobals) = postSolution
		SolutionGuid = {407C788A-EF3D-495D-852B-FD4BD20CEB97}
	EndGlobalSection
EndGlobal
